
Microsoft Visual Studio Solution File, Format Version 12.00
Project("{2150E333-8FDC-42A3-9474-1A3956D46DE8}") = "src", "src", "{507D98C4-5BF7-4952-B759-48F948B38C1F}"
EndProject
Project("{2150E333-8FDC-42A3-9474-1A3956D46DE8}") = "3-infra", "3-infra", "{7CCF9403-46C0-4569-8037-239F45EED600}"
EndProject
Project("{FAE04EC0-301F-11D3-BF4B-00C04F79EFBC}") = "API", "API\API.csproj", "{0B741A4D-F5F6-451E-9BEF-129640513FBF}"
EndProject
Project("{2150E333-8FDC-42A3-9474-1A3956D46DE8}") = "1-entrypoint", "1-entrypoint", "{E86D0DFF-EE9E-410E-B089-9201BA59C888}"
EndProject
Project("{2150E333-8FDC-42A3-9474-1A3956D46DE8}") = "2-core", "2-core", "{482958AB-161D-4BE6-A9A0-80290647265A}"
EndProject
Project("{FAE04EC0-301F-11D3-BF4B-00C04F79EFBC}") = "Data", "Data\Data.csproj", "{FDD38110-F4BF-4F62-9635-5A08C78D99EB}"
EndProject
Project("{FAE04EC0-301F-11D3-BF4B-00C04F79EFBC}") = "Bootstrap", "Bootstrap\Bootstrap.csproj", "{92E017C3-8CF4-4685-967E-1D819DB7018B}"
EndProject
Project("{FAE04EC0-301F-11D3-BF4B-00C04F79EFBC}") = "Common", "Common\Common.csproj", "{13ED4B7A-24B8-4919-A6AE-7626C835227B}"
EndProject
Project("{FAE04EC0-301F-11D3-BF4B-00C04F79EFBC}") = "Application", "Application\Application.csproj", "{0EB66308-2D72-44BB-A5FA-AFCAD936AC29}"
EndProject
Project("{FAE04EC0-301F-11D3-BF4B-00C04F79EFBC}") = "Test", "Test\Test.csproj", "{4DD27647-6D7E-4107-8020-AB34DA959AE9}"
EndProject
Project("{FAE04EC0-301F-11D3-BF4B-00C04F79EFBC}") = "Domain", "Domain\Domain.csproj", "{76541F1D-D6B7-4A27-8F88-D71F88702001}"
EndProject
Project("{2150E333-8FDC-42A3-9474-1A3956D46DE8}") = "solution-files", "solution-files", "{722FE0FC-AE3A-480D-B2E9-4A7B5F7472C7}"
	ProjectSection(SolutionItems) = preProject
		README.md = README.md
		db_model.drawio = db_model.drawio
		.gitignore = .gitignore
		.editorconfig = .editorconfig
	EndProjectSection
EndProject
Global
	GlobalSection(SolutionConfigurationPlatforms) = preSolution
		Debug|Any CPU = Debug|Any CPU
		Release|Any CPU = Release|Any CPU
	EndGlobalSection
	GlobalSection(NestedProjects) = preSolution
		{E86D0DFF-EE9E-410E-B089-9201BA59C888} = {507D98C4-5BF7-4952-B759-48F948B38C1F}
		{0B741A4D-F5F6-451E-9BEF-129640513FBF} = {E86D0DFF-EE9E-410E-B089-9201BA59C888}
		{7CCF9403-46C0-4569-8037-239F45EED600} = {507D98C4-5BF7-4952-B759-48F948B38C1F}
		{482958AB-161D-4BE6-A9A0-80290647265A} = {507D98C4-5BF7-4952-B759-48F948B38C1F}
		{FDD38110-F4BF-4F62-9635-5A08C78D99EB} = {7CCF9403-46C0-4569-8037-239F45EED600}
		{92E017C3-8CF4-4685-967E-1D819DB7018B} = {7CCF9403-46C0-4569-8037-239F45EED600}
		{0EB66308-2D72-44BB-A5FA-AFCAD936AC29} = {482958AB-161D-4BE6-A9A0-80290647265A}
		{13ED4B7A-24B8-4919-A6AE-7626C835227B} = {482958AB-161D-4BE6-A9A0-80290647265A}
		{4DD27647-6D7E-4107-8020-AB34DA959AE9} = {7CCF9403-46C0-4569-8037-239F45EED600}
		{76541F1D-D6B7-4A27-8F88-D71F88702001} = {482958AB-161D-4BE6-A9A0-80290647265A}
	EndGlobalSection
	GlobalSection(ProjectConfigurationPlatforms) = postSolution
		{0B741A4D-F5F6-451E-9BEF-129640513FBF}.Debug|Any CPU.ActiveCfg = Debug|Any CPU
		{0B741A4D-F5F6-451E-9BEF-129640513FBF}.Debug|Any CPU.Build.0 = Debug|Any CPU
		{0B741A4D-F5F6-451E-9BEF-129640513FBF}.Release|Any CPU.ActiveCfg = Release|Any CPU
		{0B741A4D-F5F6-451E-9BEF-129640513FBF}.Release|Any CPU.Build.0 = Release|Any CPU
		{FDD38110-F4BF-4F62-9635-5A08C78D99EB}.Debug|Any CPU.ActiveCfg = Debug|Any CPU
		{FDD38110-F4BF-4F62-9635-5A08C78D99EB}.Debug|Any CPU.Build.0 = Debug|Any CPU
		{FDD38110-F4BF-4F62-9635-5A08C78D99EB}.Release|Any CPU.ActiveCfg = Release|Any CPU
		{FDD38110-F4BF-4F62-9635-5A08C78D99EB}.Release|Any CPU.Build.0 = Release|Any CPU
		{92E017C3-8CF4-4685-967E-1D819DB7018B}.Debug|Any CPU.ActiveCfg = Debug|Any CPU
		{92E017C3-8CF4-4685-967E-1D819DB7018B}.Debug|Any CPU.Build.0 = Debug|Any CPU
		{92E017C3-8CF4-4685-967E-1D819DB7018B}.Release|Any CPU.ActiveCfg = Release|Any CPU
		{92E017C3-8CF4-4685-967E-1D819DB7018B}.Release|Any CPU.Build.0 = Release|Any CPU
		{13ED4B7A-24B8-4919-A6AE-7626C835227B}.Debug|Any CPU.ActiveCfg = Debug|Any CPU
		{13ED4B7A-24B8-4919-A6AE-7626C835227B}.Debug|Any CPU.Build.0 = Debug|Any CPU
		{13ED4B7A-24B8-4919-A6AE-7626C835227B}.Release|Any CPU.ActiveCfg = Release|Any CPU
		{13ED4B7A-24B8-4919-A6AE-7626C835227B}.Release|Any CPU.Build.0 = Release|Any CPU
		{0EB66308-2D72-44BB-A5FA-AFCAD936AC29}.Debug|Any CPU.ActiveCfg = Debug|Any CPU
		{0EB66308-2D72-44BB-A5FA-AFCAD936AC29}.Debug|Any CPU.Build.0 = Debug|Any CPU
		{0EB66308-2D72-44BB-A5FA-AFCAD936AC29}.Release|Any CPU.ActiveCfg = Release|Any CPU
		{0EB66308-2D72-44BB-A5FA-AFCAD936AC29}.Release|Any CPU.Build.0 = Release|Any CPU
		{4DD27647-6D7E-4107-8020-AB34DA959AE9}.Debug|Any CPU.ActiveCfg = Debug|Any CPU
		{4DD27647-6D7E-4107-8020-AB34DA959AE9}.Debug|Any CPU.Build.0 = Debug|Any CPU
		{4DD27647-6D7E-4107-8020-AB34DA959AE9}.Release|Any CPU.ActiveCfg = Release|Any CPU
		{4DD27647-6D7E-4107-8020-AB34DA959AE9}.Release|Any CPU.Build.0 = Release|Any CPU
		{76541F1D-D6B7-4A27-8F88-D71F88702001}.Debug|Any CPU.ActiveCfg = Debug|Any CPU
		{76541F1D-D6B7-4A27-8F88-D71F88702001}.Debug|Any CPU.Build.0 = Debug|Any CPU
		{76541F1D-D6B7-4A27-8F88-D71F88702001}.Release|Any CPU.ActiveCfg = Release|Any CPU
		{76541F1D-D6B7-4A27-8F88-D71F88702001}.Release|Any CPU.Build.0 = Release|Any CPU
	EndGlobalSection
EndGlobal
